
Microsoft Visual Studio Solution File, Format Version 12.00
# Visual Studio Version 17
VisualStudioVersion = 17.4.33213.308
MinimumVisualStudioVersion = 10.0.40219.1
Project("{FAE04EC0-301F-11D3-BF4B-00C04F79EFBC}") = "Tarea2", "Tarea2\Tarea2.csproj", "{612829BE-C6AF-4F8B-9E57-8C290BE1572D}"
EndProject
Global
	GlobalSection(SolutionConfigurationPlatforms) = preSolution
		Debug|Any CPU = Debug|Any CPU
		Release|Any CPU = Release|Any CPU
	EndGlobalSection
	GlobalSection(ProjectConfigurationPlatforms) = postSolution
		{612829BE-C6AF-4F8B-9E57-8C290BE1572D}.Debug|Any CPU.ActiveCfg = Debug|Any CPU
		{612829BE-C6AF-4F8B-9E57-8C290BE1572D}.Debug|Any CPU.Build.0 = Debug|Any CPU
		{612829BE-C6AF-4F8B-9E57-8C290BE1572D}.Release|Any CPU.ActiveCfg = Release|Any CPU
		{612829BE-C6AF-4F8B-9E57-8C290BE1572D}.Release|Any CPU.Build.0 = Release|Any CPU
	EndGlobalSection
	GlobalSection(SolutionProperties) = preSolution
		HideSolutionNode = FALSE
	EndGlobalSection
	GlobalSection(ExtensibilityGlobals) = postSolution
		SolutionGuid = {26430DB0-1797-442E-B13D-99F5E81DE56A}
	EndGlobalSection
EndGlobal
